GEM
  remote: https://rubygems.org/
  specs:
    csv (3.3.5)

PLATFORMS
  x64-mingw-ucrt

DEPENDENCIES
  csv

CHECKSUMS
  bundler (4.0.12) sha256=7f8b757d28dfb636e7b24fba2344ac6dd13b5b24f4b46d62573d483f211825ac
  csv (3.3.5) sha256=6e5134ac3383ef728b7f02725d9872934f523cb40b961479f69cf3afa6c8e73f

BUNDLED WITH
  4.0.12
